
Microsoft Visual Studio Solution File, Format Version 12.00
# Visual Studio 15
VisualStudioVersion = 15.0.27703.2018
MinimumVisualStudioVersion = 10.0.40219.1
Project("{FAE04EC0-301F-11D3-BF4B-00C04F79EFBC}") = "EndlessMarket", "EndlessMarket\EndlessMarket.csproj", "{BB11527F-1C3C-41BA-B20A-160B341D5E58}"
EndProject
Project("{FAE04EC0-301F-11D3-BF4B-00C04F79EFBC}") = "EndlessMarket.Server", "EndlessMarket.Server\EndlessMarket.Server.csproj", "{C95AD1D5-D5C6-4429-82DA-4C7EEBA916E6}"
EndProject
Global
	GlobalSection(SolutionConfigurationPlatforms) = preSolution
		Debug|Any CPU = Debug|Any CPU
		Release|Any CPU = Release|Any CPU
	EndGlobalSection
	GlobalSection(ProjectConfigurationPlatforms) = postSolution
		{BB11527F-1C3C-41BA-B20A-160B341D5E58}.Debug|Any CPU.ActiveCfg = Debug|x86
		{BB11527F-1C3C-41BA-B20A-160B341D5E58}.Debug|Any CPU.Build.0 = Debug|x86
		{BB11527F-1C3C-41BA-B20A-160B341D5E58}.Release|Any CPU.ActiveCfg = Release|Any CPU
		{BB11527F-1C3C-41BA-B20A-160B341D5E58}.Release|Any CPU.Build.0 = Release|Any CPU
		{C95AD1D5-D5C6-4429-82DA-4C7EEBA916E6}.Debug|Any CPU.ActiveCfg = Debug|Any CPU
		{C95AD1D5-D5C6-4429-82DA-4C7EEBA916E6}.Debug|Any CPU.Build.0 = Debug|Any CPU
		{C95AD1D5-D5C6-4429-82DA-4C7EEBA916E6}.Release|Any CPU.ActiveCfg = Release|Any CPU
		{C95AD1D5-D5C6-4429-82DA-4C7EEBA916E6}.Release|Any CPU.Build.0 = Release|Any CPU
	EndGlobalSection
	GlobalSection(SolutionProperties) = preSolution
		HideSolutionNode = FALSE
	EndGlobalSection
	GlobalSection(ExtensibilityGlobals) = postSolution
		SolutionGuid = {80FD0F36-47E8-4F86-BBE7-1AA5430EB6EF}
	EndGlobalSection
EndGlobal
